PODS:
  - iSphinx (1.1.7)

DEPENDENCIES:
  - iSphinx (from `~/Documents/icaksama/GIT/iSphinx`)

EXTERNAL SOURCES:
  iSphinx:
    :path: ~/Documents/icaksama/GIT/iSphinx

SPEC CHECKSUMS:
  iSphinx: e66af59cfdbe00df5a2e113f8930b19aae16b94a

PODFILE CHECKSUM: e26804fb1f0166cffa4021051a9997fb11d061c9

COCOAPODS: 1.4.0
