PODS:
  - iSphinx (1.1.1)

DEPENDENCIES:
  - iSphinx (from `~/Documents/icaksama/GIT/iSphinx`)

EXTERNAL SOURCES:
  iSphinx:
    :path: ~/Documents/icaksama/GIT/iSphinx

SPEC CHECKSUMS:
  iSphinx: 5ffdac9e7ebfee968ed694f5333cb5fb74200075

PODFILE CHECKSUM: 923023b0ff8fb99ae8ceb588d68e2084d42216b0

COCOAPODS: 1.3.1
